<?xml version="1.0" encoding="utf-8"?>
<Project ToolsVersion="4.0" xmlns="http://schemas.microsoft.com/developer/msbuild/2003">
  <ItemGroup>
    <Filter Include="include">
      <UniqueIdentifier>{3734549f-7407-4dbf-98d3-fe2513e203e6}</UniqueIdentifier>
    </Filter>
    <Filter Include="ressources">
      <UniqueIdentifier>{c2eafbdd-752a-4bb4-803f-063084ca874c}</UniqueIdentifier>
    </Filter>
    <Filter Include="src">
      <UniqueIdentifier>{516ded4d-bec8-47d3-ba23-606466350448}</UniqueIdentifier>
    </Filter>
    <Filter Include="test">
      <UniqueIdentifier>{dd2e18f9-5a3d-446b-bfd7-ec4478a56241}</UniqueIdentifier>
    </Filter>
    <Filter Include="src\architecture">
      <UniqueIdentifier>{7522a060-de61-496e-859a-ac2de27b2a62}</UniqueIdentifier>
    </Filter>
    <Filter Include="src\GUI">
      <UniqueIdentifier>{42f41093-3273-44f5-805a-87248d029438}</UniqueIdentifier>
    </Filter>
    <Filter Include="src\Scene">
      <UniqueIdentifier>{73580af1-f54a-4b58-b334-10df1a8a5830}</UniqueIdentifier>
    </Filter>
    <Filter Include="src\System">
      <UniqueIdentifier>{df4ed7bc-750d-4ac7-9a79-d026bd46e410}</UniqueIdentifier>
    </Filter>
    <Filter Include="include\architecture">
      <UniqueIdentifier>{448b6a6d-2239-4815-86f7-cb1e62193b6b}</UniqueIdentifier>
    </Filter>
    <Filter Include="include\GUI">
      <UniqueIdentifier>{18aced45-5bdd-4082-ac3e-f020567b0166}</UniqueIdentifier>
    </Filter>
    <Filter Include="include\System">
      <UniqueIdentifier>{80bdf79a-7edf-4593-82cf-0228e6e75cd2}</UniqueIdentifier>
    </Filter>
    <Filter Include="include\Scene">
      <UniqueIdentifier>{3c84b959-c80d-4e4e-b41f-c61f61e99cba}</UniqueIdentifier>
    </Filter>
  </ItemGroup>
  <ItemGroup>
    <ClCompile Include="src\System\soundTrackManager.cpp">
      <Filter>src\System</Filter>
    </ClCompile>
    <ClCompile Include="src\System\inputHandler.cpp">
      <Filter>src\System</Filter>
    </ClCompile>
    <ClCompile Include="src\System\pch.cpp">
      <Filter>src\System</Filter>
    </ClCompile>
    <ClCompile Include="src\Scene\scene.cpp">
      <Filter>src\Scene</Filter>
    </ClCompile>
    <ClCompile Include="src\Scene\sceneManager.cpp">
      <Filter>src\Scene</Filter>
    </ClCompile>
    <ClCompile Include="src\GUI\button.cpp">
      <Filter>src\GUI</Filter>
    </ClCompile>
    <ClCompile Include="src\GUI\label.cpp">
      <Filter>src\GUI</Filter>
    </ClCompile>
  </ItemGroup>
  <ItemGroup>
    <ClInclude Include="include\Architecture\component.hpp">
      <Filter>include\architecture</Filter>
    </ClInclude>
    <ClInclude Include="include\Architecture\entity.hpp">
      <Filter>include\architecture</Filter>
    </ClInclude>
    <ClInclude Include="include\GUI\button.h">
      <Filter>include\GUI</Filter>
    </ClInclude>
    <ClInclude Include="include\GUI\label.h">
      <Filter>include\GUI</Filter>
    </ClInclude>
    <ClInclude Include="include\GUI\widget.hpp">
      <Filter>include\GUI</Filter>
    </ClInclude>
    <ClInclude Include="include\Scene\scene.h">
      <Filter>include\Scene</Filter>
    </ClInclude>
    <ClInclude Include="include\Scene\sceneManager.h">
      <Filter>include\Scene</Filter>
    </ClInclude>
    <ClInclude Include="include\System\framework.h">
      <Filter>include\System</Filter>
    </ClInclude>
    <ClInclude Include="include\System\inputHandler.h">
      <Filter>include\System</Filter>
    </ClInclude>
    <ClInclude Include="include\System\pch.h">
      <Filter>include\System</Filter>
    </ClInclude>
    <ClInclude Include="include\System\soundTrackManager.h">
      <Filter>include\System</Filter>
    </ClInclude>
    <ClInclude Include="include\sharbat.h">
      <Filter>include</Filter>
    </ClInclude>
  </ItemGroup>
</Project>